{
  "version": 4,
  "terraform_version": "1.7.0",
  "serial": 23,
  "lineage": "147b2c1c-df70-2d94-7aef-48781f9aeadb",
  "outputs": {},
  "resources": [
    {
      "mode": "managed",
      "type": "aws_internet_gateway",
      "name": "main",
      "provider": "provider[\"registry.terraform.io/hashicorp/aws\"]",
      "instances": [
        {
          "schema_version": 0,
          "attributes": {
            "arn": "arn:aws:ec2:us-west-2:368276953847:internet-gateway/igw-017e78c2cbc2434a4",
            "id": "igw-017e78c2cbc2434a4",
            "owner_id": "368276953847",
            "tags": {
              "Name": "acit4640_as2",
              "Project": "acit4640_as2"
            },
            "tags_all": {
              "Name": "acit4640_as2",
              "Project": "acit4640_as2"
            },
            "timeouts": null,
            "vpc_id": "vpc-090c5727aaf7090c6"
          },
          "sensitive_attributes": [],
          "private": "eyJlMmJmYjczMC1lY2FhLTExZTYtOGY4OC0zNDM2M2JjN2M0YzAiOnsiY3JlYXRlIjoxMjAwMDAwMDAwMDAwLCJkZWxldGUiOjEyMDAwMDAwMDAwMDAsInVwZGF0ZSI6MTIwMDAwMDAwMDAwMH19",
          "dependencies": [
            "aws_vpc.main"
          ]
        }
      ]
    },
    {
      "mode": "managed",
      "type": "aws_route_table",
      "name": "main",
      "provider": "provider[\"registry.terraform.io/hashicorp/aws\"]",
      "instances": [
        {
          "schema_version": 0,
          "attributes": {
            "arn": "arn:aws:ec2:us-west-2:368276953847:route-table/rtb-0c94ba5f54259032b",
            "id": "rtb-0c94ba5f54259032b",
            "owner_id": "368276953847",
            "propagating_vgws": [],
            "route": [
              {
                "carrier_gateway_id": "",
                "cidr_block": "0.0.0.0/0",
                "core_network_arn": "",
                "destination_prefix_list_id": "",
                "egress_only_gateway_id": "",
                "gateway_id": "igw-017e78c2cbc2434a4",
                "ipv6_cidr_block": "",
                "local_gateway_id": "",
                "nat_gateway_id": "",
                "network_interface_id": "",
                "transit_gateway_id": "",
                "vpc_endpoint_id": "",
                "vpc_peering_connection_id": ""
              }
            ],
            "tags": {
              "Name": "acit4640_as2",
              "Project": "acit4640_as2"
            },
            "tags_all": {
              "Name": "acit4640_as2",
              "Project": "acit4640_as2"
            },
            "timeouts": null,
            "vpc_id": "vpc-090c5727aaf7090c6"
          },
          "sensitive_attributes": [],
          "private": "eyJlMmJmYjczMC1lY2FhLTExZTYtOGY4OC0zNDM2M2JjN2M0YzAiOnsiY3JlYXRlIjozMDAwMDAwMDAwMDAsImRlbGV0ZSI6MzAwMDAwMDAwMDAwLCJ1cGRhdGUiOjEyMDAwMDAwMDAwMH19",
          "dependencies": [
            "aws_internet_gateway.main",
            "aws_vpc.main"
          ]
        }
      ]
    },
    {
      "mode": "managed",
      "type": "aws_route_table_association",
      "name": "main",
      "provider": "provider[\"registry.terraform.io/hashicorp/aws\"]",
      "instances": [
        {
          "index_key": 0,
          "schema_version": 0,
          "attributes": {
            "gateway_id": "",
            "id": "rtbassoc-0c4e3186a6fa7c3b1",
            "route_table_id": "rtb-0c94ba5f54259032b",
            "subnet_id": "subnet-02914b10cd94e72b2",
            "timeouts": null
          },
          "sensitive_attributes": [],
          "private": "eyJlMmJmYjczMC1lY2FhLTExZTYtOGY4OC0zNDM2M2JjN2M0YzAiOnsiY3JlYXRlIjozMDAwMDAwMDAwMDAsImRlbGV0ZSI6MzAwMDAwMDAwMDAwLCJ1cGRhdGUiOjEyMDAwMDAwMDAwMH19",
          "dependencies": [
            "aws_internet_gateway.main",
            "aws_route_table.main",
            "aws_subnet.main",
            "aws_vpc.main"
          ]
        },
        {
          "index_key": 1,
          "schema_version": 0,
          "attributes": {
            "gateway_id": "",
            "id": "rtbassoc-034d0397e5154c65e",
            "route_table_id": "rtb-0c94ba5f54259032b",
            "subnet_id": "subnet-07d513401245ac07a",
            "timeouts": null
          },
          "sensitive_attributes": [],
          "private": "eyJlMmJmYjczMC1lY2FhLTExZTYtOGY4OC0zNDM2M2JjN2M0YzAiOnsiY3JlYXRlIjozMDAwMDAwMDAwMDAsImRlbGV0ZSI6MzAwMDAwMDAwMDAwLCJ1cGRhdGUiOjEyMDAwMDAwMDAwMH19",
          "dependencies": [
            "aws_internet_gateway.main",
            "aws_route_table.main",
            "aws_subnet.main",
            "aws_vpc.main"
          ]
        }
      ]
    },
    {
      "mode": "managed",
      "type": "aws_security_group",
      "name": "main",
      "provider": "provider[\"registry.terraform.io/hashicorp/aws\"]",
      "instances": [
        {
          "schema_version": 1,
          "attributes": {
            "arn": "arn:aws:ec2:us-west-2:368276953847:security-group/sg-052d78afbc5d10831",
            "description": "Allows ssh, web, and intra-vpc ingress access and all egress",
            "egress": [
              {
                "cidr_blocks": [
                  "0.0.0.0/0"
                ],
                "description": "allow all egress traffic",
                "from_port": 0,
                "ipv6_cidr_blocks": [],
                "prefix_list_ids": [],
                "protocol": "-1",
                "security_groups": [],
                "self": false,
                "to_port": 0
              }
            ],
            "id": "sg-052d78afbc5d10831",
            "ingress": [
              {
                "cidr_blocks": [
                  "0.0.0.0/0"
                ],
                "description": "allow http from everywhere",
                "from_port": 80,
                "ipv6_cidr_blocks": [],
                "prefix_list_ids": [],
                "protocol": "tcp",
                "security_groups": [],
                "self": false,
                "to_port": 80
              },
              {
                "cidr_blocks": [
                  "0.0.0.0/0"
                ],
                "description": "allow ssh from everywhere",
                "from_port": 22,
                "ipv6_cidr_blocks": [],
                "prefix_list_ids": [],
                "protocol": "tcp",
                "security_groups": [],
                "self": false,
                "to_port": 22
              }
            ],
            "name": "sg_count_dyn_inv",
            "name_prefix": "",
            "owner_id": "368276953847",
            "revoke_rules_on_delete": false,
            "tags": {
              "Name": "acit4640_as2_sg_count_dyn_inv",
              "Project": "acit4640_as2"
            },
            "tags_all": {
              "Name": "acit4640_as2_sg_count_dyn_inv",
              "Project": "acit4640_as2"
            },
            "timeouts": null,
            "vpc_id": "vpc-090c5727aaf7090c6"
          },
          "sensitive_attributes": [],
          "private": "eyJlMmJmYjczMC1lY2FhLTExZTYtOGY4OC0zNDM2M2JjN2M0YzAiOnsiY3JlYXRlIjo2MDAwMDAwMDAwMDAsImRlbGV0ZSI6OTAwMDAwMDAwMDAwfSwic2NoZW1hX3ZlcnNpb24iOiIxIn0=",
          "dependencies": [
            "aws_vpc.main"
          ]
        }
      ]
    },
    {
      "mode": "managed",
      "type": "aws_subnet",
      "name": "main",
      "provider": "provider[\"registry.terraform.io/hashicorp/aws\"]",
      "instances": [
        {
          "index_key": 0,
          "schema_version": 1,
          "attributes": {
            "arn": "arn:aws:ec2:us-west-2:368276953847:subnet/subnet-02914b10cd94e72b2",
            "assign_ipv6_address_on_creation": false,
            "availability_zone": "us-west-2a",
            "availability_zone_id": "usw2-az1",
            "cidr_block": "10.0.1.0/24",
            "customer_owned_ipv4_pool": "",
            "enable_dns64": false,
            "enable_lni_at_device_index": 0,
            "enable_resource_name_dns_a_record_on_launch": false,
            "enable_resource_name_dns_aaaa_record_on_launch": false,
            "id": "subnet-02914b10cd94e72b2",
            "ipv6_cidr_block": "",
            "ipv6_cidr_block_association_id": "",
            "ipv6_native": false,
            "map_customer_owned_ip_on_launch": false,
            "map_public_ip_on_launch": true,
            "outpost_arn": "",
            "owner_id": "368276953847",
            "private_dns_hostname_type_on_launch": "ip-name",
            "tags": {
              "Name": "acit4640_as2_us-west-2a",
              "Project": "acit4640_as2"
            },
            "tags_all": {
              "Name": "acit4640_as2_us-west-2a",
              "Project": "acit4640_as2"
            },
            "timeouts": null,
            "vpc_id": "vpc-090c5727aaf7090c6"
          },
          "sensitive_attributes": [],
          "private": "eyJlMmJmYjczMC1lY2FhLTExZTYtOGY4OC0zNDM2M2JjN2M0YzAiOnsiY3JlYXRlIjo2MDAwMDAwMDAwMDAsImRlbGV0ZSI6MTIwMDAwMDAwMDAwMH0sInNjaGVtYV92ZXJzaW9uIjoiMSJ9",
          "dependencies": [
            "aws_vpc.main"
          ]
        },
        {
          "index_key": 1,
          "schema_version": 1,
          "attributes": {
            "arn": "arn:aws:ec2:us-west-2:368276953847:subnet/subnet-07d513401245ac07a",
            "assign_ipv6_address_on_creation": false,
            "availability_zone": "us-west-2b",
            "availability_zone_id": "usw2-az2",
            "cidr_block": "10.0.2.0/24",
            "customer_owned_ipv4_pool": "",
            "enable_dns64": false,
            "enable_lni_at_device_index": 0,
            "enable_resource_name_dns_a_record_on_launch": false,
            "enable_resource_name_dns_aaaa_record_on_launch": false,
            "id": "subnet-07d513401245ac07a",
            "ipv6_cidr_block": "",
            "ipv6_cidr_block_association_id": "",
            "ipv6_native": false,
            "map_customer_owned_ip_on_launch": false,
            "map_public_ip_on_launch": true,
            "outpost_arn": "",
            "owner_id": "368276953847",
            "private_dns_hostname_type_on_launch": "ip-name",
            "tags": {
              "Name": "acit4640_as2_us-west-2b",
              "Project": "acit4640_as2"
            },
            "tags_all": {
              "Name": "acit4640_as2_us-west-2b",
              "Project": "acit4640_as2"
            },
            "timeouts": null,
            "vpc_id": "vpc-090c5727aaf7090c6"
          },
          "sensitive_attributes": [],
          "private": "eyJlMmJmYjczMC1lY2FhLTExZTYtOGY4OC0zNDM2M2JjN2M0YzAiOnsiY3JlYXRlIjo2MDAwMDAwMDAwMDAsImRlbGV0ZSI6MTIwMDAwMDAwMDAwMH0sInNjaGVtYV92ZXJzaW9uIjoiMSJ9",
          "dependencies": [
            "aws_vpc.main"
          ]
        }
      ]
    },
    {
      "mode": "managed",
      "type": "aws_vpc",
      "name": "main",
      "provider": "provider[\"registry.terraform.io/hashicorp/aws\"]",
      "instances": [
        {
          "schema_version": 1,
          "attributes": {
            "arn": "arn:aws:ec2:us-west-2:368276953847:vpc/vpc-090c5727aaf7090c6",
            "assign_generated_ipv6_cidr_block": false,
            "cidr_block": "10.0.0.0/16",
            "default_network_acl_id": "acl-0c6f6696621e99e41",
            "default_route_table_id": "rtb-0314e6196cb63e253",
            "default_security_group_id": "sg-0785378f27d850b01",
            "dhcp_options_id": "dopt-00be7c90a52b57653",
            "enable_dns_hostnames": true,
            "enable_dns_support": true,
            "enable_network_address_usage_metrics": false,
            "id": "vpc-090c5727aaf7090c6",
            "instance_tenancy": "default",
            "ipv4_ipam_pool_id": null,
            "ipv4_netmask_length": null,
            "ipv6_association_id": "",
            "ipv6_cidr_block": "",
            "ipv6_cidr_block_network_border_group": "",
            "ipv6_ipam_pool_id": "",
            "ipv6_netmask_length": 0,
            "main_route_table_id": "rtb-0314e6196cb63e253",
            "owner_id": "368276953847",
            "tags": {},
            "tags_all": {
              "Project": "acit4640_as2"
            }
          },
          "sensitive_attributes": [],
          "private": "eyJzY2hlbWFfdmVyc2lvbiI6IjEifQ=="
        }
      ]
    },
    {
      "mode": "managed",
      "type": "aws_vpc_security_group_egress_rule",
      "name": "main",
      "provider": "provider[\"registry.terraform.io/hashicorp/aws\"]",
      "instances": [
        {
          "index_key": "allow_all_egress",
          "schema_version": 0,
          "attributes": {
            "arn": "arn:aws:ec2:us-west-2:368276953847:security-group-rule/sgr-06207bccffdd14028",
            "cidr_ipv4": "0.0.0.0/0",
            "cidr_ipv6": null,
            "description": "allow all egress traffic",
            "from_port": null,
            "id": "sgr-06207bccffdd14028",
            "ip_protocol": "-1",
            "prefix_list_id": null,
            "referenced_security_group_id": null,
            "security_group_id": "sg-052d78afbc5d10831",
            "security_group_rule_id": "sgr-06207bccffdd14028",
            "tags": {
              "Name": "acit4640_as2_allow_all_egress",
              "Project": "acit4640_as2"
            },
            "tags_all": {
              "Name": "acit4640_as2_allow_all_egress",
              "Project": "acit4640_as2"
            },
            "to_port": null
          },
          "sensitive_attributes": [],
          "dependencies": [
            "aws_security_group.main",
            "aws_vpc.main"
          ]
        }
      ]
    },
    {
      "mode": "managed",
      "type": "aws_vpc_security_group_ingress_rule",
      "name": "main",
      "provider": "provider[\"registry.terraform.io/hashicorp/aws\"]",
      "instances": [
        {
          "index_key": "allow http",
          "schema_version": 0,
          "attributes": {
            "arn": "arn:aws:ec2:us-west-2:368276953847:security-group-rule/sgr-0922a74f5a73c1e7b",
            "cidr_ipv4": "0.0.0.0/0",
            "cidr_ipv6": null,
            "description": "allow http from everywhere",
            "from_port": 80,
            "id": "sgr-0922a74f5a73c1e7b",
            "ip_protocol": "tcp",
            "prefix_list_id": null,
            "referenced_security_group_id": null,
            "security_group_id": "sg-052d78afbc5d10831",
            "security_group_rule_id": "sgr-0922a74f5a73c1e7b",
            "tags": {
              "Name": "allow http",
              "Project": "acit4640_as2"
            },
            "tags_all": {
              "Name": "allow http",
              "Project": "acit4640_as2"
            },
            "to_port": 80
          },
          "sensitive_attributes": [],
          "dependencies": [
            "aws_security_group.main",
            "aws_vpc.main"
          ]
        },
        {
          "index_key": "allow ssh",
          "schema_version": 0,
          "attributes": {
            "arn": "arn:aws:ec2:us-west-2:368276953847:security-group-rule/sgr-08f9f8818b33d48b6",
            "cidr_ipv4": "0.0.0.0/0",
            "cidr_ipv6": null,
            "description": "allow ssh from everywhere",
            "from_port": 22,
            "id": "sgr-08f9f8818b33d48b6",
            "ip_protocol": "tcp",
            "prefix_list_id": null,
            "referenced_security_group_id": null,
            "security_group_id": "sg-052d78afbc5d10831",
            "security_group_rule_id": "sgr-08f9f8818b33d48b6",
            "tags": {
              "Name": "allow ssh",
              "Project": "acit4640_as2"
            },
            "tags_all": {
              "Name": "allow ssh",
              "Project": "acit4640_as2"
            },
            "to_port": 22
          },
          "sensitive_attributes": [],
          "dependencies": [
            "aws_security_group.main",
            "aws_vpc.main"
          ]
        }
      ]
    },
    {
      "mode": "managed",
      "type": "local_file",
      "name": "all_vars",
      "provider": "provider[\"registry.terraform.io/hashicorp/local\"]",
      "instances": [
        {
          "schema_version": 0,
          "attributes": {
            "content": "ansible_ssh_private_key_file: \"/home/markus/4640/as2/terraform/acit4640_as2_key.pem\"\nansible_user: ubuntu\n",
            "content_base64": null,
            "content_base64sha256": "HQvasjbUmOD1mQkoJ7INo41tSsCSKggViZBO0Eh6pTw=",
            "content_base64sha512": "TJMbN9n8iw5wPYm4kIOOsurssR7LY0EK+9RaB+NZCBkDFpwm3KU+I5hoYCY9rwJ/rCA3SP3vqpXxFljYaQ/iXg==",
            "content_md5": "d4d7e863028db2204e7ad9aba1a4fe28",
            "content_sha1": "cecbb2abcfcead6d26b186500fe77d044102103a",
            "content_sha256": "1d0bdab236d498e0f599092827b20da38d6d4ac0922a081589904ed0487aa53c",
            "content_sha512": "4c931b37d9fc8b0e703d89b890838eb2eaecb11ecb63410afbd45a07e359081903169c26dca53e23986860263daf027fac203748fdefaa95f11658d8690fe25e",
            "directory_permission": "0777",
            "file_permission": "0777",
            "filename": "/home/markus/4640/as2/ansible/group_vars/all.yml",
            "id": "cecbb2abcfcead6d26b186500fe77d044102103a",
            "sensitive_content": null,
            "source": null
          },
          "sensitive_attributes": []
        }
      ]
    },
    {
      "module": "module.ec2",
      "mode": "managed",
      "type": "aws_instance",
      "name": "ec2_instance",
      "provider": "provider[\"registry.terraform.io/hashicorp/aws\"]",
      "instances": [
        {
          "index_key": 0,
          "schema_version": 1,
          "attributes": {
            "ami": "ami-03839f1dba75bb628",
            "arn": "arn:aws:ec2:us-west-2:368276953847:instance/i-0b24c13013273ddec",
            "associate_public_ip_address": true,
            "availability_zone": "us-west-2a",
            "capacity_reservation_specification": [
              {
                "capacity_reservation_preference": "open",
                "capacity_reservation_target": []
              }
            ],
            "cpu_core_count": 1,
            "cpu_options": [
              {
                "amd_sev_snp": "",
                "core_count": 1,
                "threads_per_core": 1
              }
            ],
            "cpu_threads_per_core": 1,
            "credit_specification": [
              {
                "cpu_credits": "standard"
              }
            ],
            "disable_api_stop": false,
            "disable_api_termination": false,
            "ebs_block_device": [],
            "ebs_optimized": false,
            "enclave_options": [
              {
                "enabled": false
              }
            ],
            "ephemeral_block_device": [],
            "get_password_data": false,
            "hibernation": false,
            "host_id": "",
            "host_resource_group_arn": null,
            "iam_instance_profile": "",
            "id": "i-0b24c13013273ddec",
            "instance_initiated_shutdown_behavior": "stop",
            "instance_lifecycle": "",
            "instance_market_options": [],
            "instance_state": "running",
            "instance_type": "t2.micro",
            "ipv6_address_count": 0,
            "ipv6_addresses": [],
            "key_name": "acit4640_as2_key",
            "launch_template": [],
            "maintenance_options": [
              {
                "auto_recovery": "default"
              }
            ],
            "metadata_options": [
              {
                "http_endpoint": "enabled",
                "http_protocol_ipv6": "disabled",
                "http_put_response_hop_limit": 1,
                "http_tokens": "optional",
                "instance_metadata_tags": "disabled"
              }
            ],
            "monitoring": false,
            "network_interface": [],
            "outpost_arn": "",
            "password_data": "",
            "placement_group": "",
            "placement_partition_number": 0,
            "primary_network_interface_id": "eni-095bbc27a7b4bbf44",
            "private_dns": "ip-10-0-1-48.us-west-2.compute.internal",
            "private_dns_name_options": [
              {
                "enable_resource_name_dns_a_record": false,
                "enable_resource_name_dns_aaaa_record": false,
                "hostname_type": "ip-name"
              }
            ],
            "private_ip": "10.0.1.48",
            "public_dns": "ec2-34-212-23-31.us-west-2.compute.amazonaws.com",
            "public_ip": "34.212.23.31",
            "root_block_device": [
              {
                "delete_on_termination": true,
                "device_name": "/dev/sda1",
                "encrypted": false,
                "iops": 100,
                "kms_key_id": "",
                "tags": {},
                "tags_all": {
                  "Project": "acit4640_as2"
                },
                "throughput": 0,
                "volume_id": "vol-02a006cd9adfe3d5c",
                "volume_size": 8,
                "volume_type": "gp2"
              }
            ],
            "secondary_private_ips": [],
            "security_groups": [],
            "source_dest_check": true,
            "spot_instance_request_id": "",
            "subnet_id": "subnet-02914b10cd94e72b2",
            "tags": {
              "Name": "bun_0",
              "Project": "acit4640_as2"
            },
            "tags_all": {
              "Name": "bun_0",
              "Project": "acit4640_as2"
            },
            "tenancy": "default",
            "timeouts": null,
            "user_data": null,
            "user_data_base64": null,
            "user_data_replace_on_change": false,
            "volume_tags": null,
            "vpc_security_group_ids": [
              "sg-052d78afbc5d10831"
            ]
          },
          "sensitive_attributes": [],
          "private": "eyJlMmJmYjczMC1lY2FhLTExZTYtOGY4OC0zNDM2M2JjN2M0YzAiOnsiY3JlYXRlIjo2MDAwMDAwMDAwMDAsImRlbGV0ZSI6MTIwMDAwMDAwMDAwMCwicmVhZCI6OTAwMDAwMDAwMDAwLCJ1cGRhdGUiOjYwMDAwMDAwMDAwMH0sInNjaGVtYV92ZXJzaW9uIjoiMSJ9",
          "dependencies": [
            "aws_security_group.main",
            "aws_subnet.main",
            "aws_vpc.main"
          ]
        },
        {
          "index_key": 1,
          "schema_version": 1,
          "attributes": {
            "ami": "ami-03839f1dba75bb628",
            "arn": "arn:aws:ec2:us-west-2:368276953847:instance/i-097ae0714c9e971b4",
            "associate_public_ip_address": true,
            "availability_zone": "us-west-2b",
            "capacity_reservation_specification": [
              {
                "capacity_reservation_preference": "open",
                "capacity_reservation_target": []
              }
            ],
            "cpu_core_count": 1,
            "cpu_options": [
              {
                "amd_sev_snp": "",
                "core_count": 1,
                "threads_per_core": 1
              }
            ],
            "cpu_threads_per_core": 1,
            "credit_specification": [
              {
                "cpu_credits": "standard"
              }
            ],
            "disable_api_stop": false,
            "disable_api_termination": false,
            "ebs_block_device": [],
            "ebs_optimized": false,
            "enclave_options": [
              {
                "enabled": false
              }
            ],
            "ephemeral_block_device": [],
            "get_password_data": false,
            "hibernation": false,
            "host_id": "",
            "host_resource_group_arn": null,
            "iam_instance_profile": "",
            "id": "i-097ae0714c9e971b4",
            "instance_initiated_shutdown_behavior": "stop",
            "instance_lifecycle": "",
            "instance_market_options": [],
            "instance_state": "running",
            "instance_type": "t2.micro",
            "ipv6_address_count": 0,
            "ipv6_addresses": [],
            "key_name": "acit4640_as2_key",
            "launch_template": [],
            "maintenance_options": [
              {
                "auto_recovery": "default"
              }
            ],
            "metadata_options": [
              {
                "http_endpoint": "enabled",
                "http_protocol_ipv6": "disabled",
                "http_put_response_hop_limit": 1,
                "http_tokens": "optional",
                "instance_metadata_tags": "disabled"
              }
            ],
            "monitoring": false,
            "network_interface": [],
            "outpost_arn": "",
            "password_data": "",
            "placement_group": "",
            "placement_partition_number": 0,
            "primary_network_interface_id": "eni-019874eb405c10c0c",
            "private_dns": "ip-10-0-2-236.us-west-2.compute.internal",
            "private_dns_name_options": [
              {
                "enable_resource_name_dns_a_record": false,
                "enable_resource_name_dns_aaaa_record": false,
                "hostname_type": "ip-name"
              }
            ],
            "private_ip": "10.0.2.236",
            "public_dns": "ec2-35-165-114-163.us-west-2.compute.amazonaws.com",
            "public_ip": "35.165.114.163",
            "root_block_device": [
              {
                "delete_on_termination": true,
                "device_name": "/dev/sda1",
                "encrypted": false,
                "iops": 100,
                "kms_key_id": "",
                "tags": {},
                "tags_all": {
                  "Project": "acit4640_as2"
                },
                "throughput": 0,
                "volume_id": "vol-0ee8a0723261498f2",
                "volume_size": 8,
                "volume_type": "gp2"
              }
            ],
            "secondary_private_ips": [],
            "security_groups": [],
            "source_dest_check": true,
            "spot_instance_request_id": "",
            "subnet_id": "subnet-07d513401245ac07a",
            "tags": {
              "Name": "bun_1",
              "Project": "acit4640_as2"
            },
            "tags_all": {
              "Name": "bun_1",
              "Project": "acit4640_as2"
            },
            "tenancy": "default",
            "timeouts": null,
            "user_data": null,
            "user_data_base64": null,
            "user_data_replace_on_change": false,
            "volume_tags": null,
            "vpc_security_group_ids": [
              "sg-052d78afbc5d10831"
            ]
          },
          "sensitive_attributes": [],
          "private": "eyJlMmJmYjczMC1lY2FhLTExZTYtOGY4OC0zNDM2M2JjN2M0YzAiOnsiY3JlYXRlIjo2MDAwMDAwMDAwMDAsImRlbGV0ZSI6MTIwMDAwMDAwMDAwMCwicmVhZCI6OTAwMDAwMDAwMDAwLCJ1cGRhdGUiOjYwMDAwMDAwMDAwMH0sInNjaGVtYV92ZXJzaW9uIjoiMSJ9",
          "dependencies": [
            "aws_security_group.main",
            "aws_subnet.main",
            "aws_vpc.main"
          ]
        }
      ]
    },
    {
      "module": "module.ssh_key",
      "mode": "data",
      "type": "local_file",
      "name": "ssh_pub_key",
      "provider": "provider[\"registry.terraform.io/hashicorp/local\"]",
      "instances": [
        {
          "schema_version": 0,
          "attributes": {
            "content": "ssh-ed25519 AAAAC3NzaC1lZDI1NTE5AAAAIAtXKDPnLHJn/eGKtY0aK2GadgvJw6UBCwFoxwReKrjm acit4640_as2_key\n",
            "content_base64": "c3NoLWVkMjU1MTkgQUFBQUMzTnphQzFsWkRJMU5URTVBQUFBSUF0WEtEUG5MSEpuL2VHS3RZMGFLMkdhZGd2Snc2VUJDd0ZveHdSZUtyam0gYWNpdDQ2NDBfYXMyX2tleQo=",
            "content_base64sha256": "Oo2zMghOIwcAOUyfGdkk6Y0oCevsDUHE9gPu1qBz1YI=",
            "content_base64sha512": "GxtWH2dR9sfwKaNEzQZS8EfBHlDHtRvIMbPQnd9lf846rUwlE6SRX6u1SsxU03uRgCLPC1wJEMfdf0pP4A/wlg==",
            "content_md5": "5dbfc3caadaf1644c1758929f4b9dbb4",
            "content_sha1": "307d9419f9dc86cc7c10a7bc1adc86f853c691c9",
            "content_sha256": "3a8db332084e230700394c9f19d924e98d2809ebec0d41c4f603eed6a073d582",
            "content_sha512": "1b1b561f6751f6c7f029a344cd0652f047c11e50c7b51bc831b3d09ddf657fce3aad4c2513a4915fabb54acc54d37b918022cf0b5c0910c7dd7f4a4fe00ff096",
            "filename": "./acit4640_as2_key.pem.pub",
            "id": "307d9419f9dc86cc7c10a7bc1adc86f853c691c9"
          },
          "sensitive_attributes": []
        }
      ]
    },
    {
      "module": "module.ssh_key",
      "mode": "managed",
      "type": "aws_key_pair",
      "name": "main",
      "provider": "provider[\"registry.terraform.io/hashicorp/aws\"]",
      "instances": [
        {
          "schema_version": 1,
          "attributes": {
            "arn": "arn:aws:ec2:us-west-2:368276953847:key-pair/acit4640_as2_key",
            "fingerprint": "dvo74C2bxwi7Wb6xQx2BWO1ImATQOvUlr6BexJ6yAbU=",
            "id": "acit4640_as2_key",
            "key_name": "acit4640_as2_key",
            "key_name_prefix": "",
            "key_pair_id": "key-06c39f93f1b3a7789",
            "key_type": "ed25519",
            "public_key": "ssh-ed25519 AAAAC3NzaC1lZDI1NTE5AAAAIAtXKDPnLHJn/eGKtY0aK2GadgvJw6UBCwFoxwReKrjm acit4640_as2_key",
            "tags": {},
            "tags_all": {
              "Project": "acit4640_as2"
            }
          },
          "sensitive_attributes": [],
          "private": "eyJzY2hlbWFfdmVyc2lvbiI6IjEifQ==",
          "dependencies": [
            "module.ssh_key.data.local_file.ssh_pub_key",
            "module.ssh_key.terraform_data.ssh_key_pair"
          ]
        }
      ]
    },
    {
      "module": "module.ssh_key",
      "mode": "managed",
      "type": "terraform_data",
      "name": "ssh_key_pair",
      "provider": "provider[\"terraform.io/builtin/terraform\"]",
      "instances": [
        {
          "schema_version": 0,
          "attributes": {
            "id": "8b1b84f3-8ad7-5f03-2255-bbec085b64ce",
            "input": {
              "value": "./acit4640_as2_key.pem",
              "type": "string"
            },
            "output": {
              "value": "./acit4640_as2_key.pem",
              "type": "string"
            },
            "triggers_replace": null
          },
          "sensitive_attributes": []
        }
      ]
    }
  ],
  "check_results": null
}
