{
  "version": 4,
  "terraform_version": "1.7.1",
  "serial": 21,
  "lineage": "24ecad6b-fd82-6059-4873-497a81b34c2e",
  "outputs": {
    "gateway": {
      "value": {
        "id": "igw-0cccd1a46ba78c947",
        "name": "count_dyn_inv_demo"
      },
      "type": [
        "object",
        {
          "id": "string",
          "name": "string"
        }
      ]
    },
    "route_table": {
      "value": {
        "id": "rtb-0a59a8963f7f833f4",
        "name": "count_dyn_inv_demo"
      },
      "type": [
        "object",
        {
          "id": "string",
          "name": "string"
        }
      ]
    },
    "security_group": {
      "value": {
        "id": "sg-0fa0a3f75558765b5",
        "name": "sg_count_dyn_inv"
      },
      "type": [
        "object",
        {
          "id": "string",
          "name": "string"
        }
      ]
    },
    "ssh_priv_key_file": {
      "value": "/home/markus/4640/as2/starter_code/count_dyn_inv/terraform/count_dyn_inv_demo.pem",
      "type": "string"
    },
    "ssh_pub_key_file": {
      "value": "/home/markus/4640/as2/starter_code/count_dyn_inv/terraform/count_dyn_inv_demo.pem.pub",
      "type": "string"
    },
    "subnets": {
      "value": {
        "count_dyn_inv_demo_us-west-2a": {
          "az": "us-west-2a",
          "cidr": "172.16.0.0/24",
          "id": "subnet-0072f1bf6d04053d6"
        },
        "count_dyn_inv_demo_us-west-2b": {
          "az": "us-west-2b",
          "cidr": "172.16.1.0/24",
          "id": "subnet-0155d6cafecb20c9f"
        },
        "count_dyn_inv_demo_us-west-2c": {
          "az": "us-west-2c",
          "cidr": "172.16.2.0/24",
          "id": "subnet-0950dd7d1ab4eae7f"
        }
      },
      "type": [
        "object",
        {
          "count_dyn_inv_demo_us-west-2a": [
            "object",
            {
              "az": "string",
              "cidr": "string",
              "id": "string"
            }
          ],
          "count_dyn_inv_demo_us-west-2b": [
            "object",
            {
              "az": "string",
              "cidr": "string",
              "id": "string"
            }
          ],
          "count_dyn_inv_demo_us-west-2c": [
            "object",
            {
              "az": "string",
              "cidr": "string",
              "id": "string"
            }
          ]
        }
      ]
    },
    "vpc": {
      "value": {
        "cidr": "172.16.0.0/16",
        "id": "vpc-046b0e3488630218c",
        "name": "count_dyn_inv_demo"
      },
      "type": [
        "object",
        {
          "cidr": "string",
          "id": "string",
          "name": "string"
        }
      ]
    }
  },
  "resources": [
    {
      "mode": "data",
      "type": "aws_ami",
      "name": "ubuntu",
      "provider": "provider[\"registry.terraform.io/hashicorp/aws\"]",
      "instances": [
        {
          "schema_version": 0,
          "attributes": {
            "architecture": "x86_64",
            "arn": "arn:aws:ec2:us-west-2::image/ami-04eed88b1a6b28477",
            "block_device_mappings": [
              {
                "device_name": "/dev/sda1",
                "ebs": {
                  "delete_on_termination": "true",
                  "encrypted": "false",
                  "iops": "0",
                  "snapshot_id": "snap-08c6d9583288820b9",
                  "throughput": "0",
                  "volume_size": "8",
                  "volume_type": "gp2"
                },
                "no_device": "",
                "virtual_name": ""
              },
              {
                "device_name": "/dev/sdb",
                "ebs": {},
                "no_device": "",
                "virtual_name": "ephemeral0"
              },
              {
                "device_name": "/dev/sdc",
                "ebs": {},
                "no_device": "",
                "virtual_name": "ephemeral1"
              }
            ],
            "boot_mode": "uefi-preferred",
            "creation_date": "2024-01-18T01:07:24.000Z",
            "deprecation_time": "2026-01-18T01:07:24.000Z",
            "description": "Canonical, Ubuntu, 23.04, amd64 lunar image build on 2024-01-17",
            "ena_support": true,
            "executable_users": null,
            "filter": [
              {
                "name": "name",
                "values": [
                  "ubuntu/images/hvm-ssd/ubuntu-lunar-23.04-amd64-server-*"
                ]
              }
            ],
            "hypervisor": "xen",
            "id": "ami-04eed88b1a6b28477",
            "image_id": "ami-04eed88b1a6b28477",
            "image_location": "amazon/ubuntu/images/hvm-ssd/ubuntu-lunar-23.04-amd64-server-20240117",
            "image_owner_alias": "amazon",
            "image_type": "machine",
            "imds_support": "",
            "include_deprecated": false,
            "kernel_id": "",
            "most_recent": true,
            "name": "ubuntu/images/hvm-ssd/ubuntu-lunar-23.04-amd64-server-20240117",
            "name_regex": null,
            "owner_id": "099720109477",
            "owners": [
              "099720109477"
            ],
            "platform": "",
            "platform_details": "Linux/UNIX",
            "product_codes": [],
            "public": true,
            "ramdisk_id": "",
            "root_device_name": "/dev/sda1",
            "root_device_type": "ebs",
            "root_snapshot_id": "snap-08c6d9583288820b9",
            "sriov_net_support": "simple",
            "state": "available",
            "state_reason": {
              "code": "UNSET",
              "message": "UNSET"
            },
            "tags": {},
            "timeouts": null,
            "tpm_support": "",
            "usage_operation": "RunInstances",
            "virtualization_type": "hvm"
          },
          "sensitive_attributes": []
        }
      ]
    },
    {
      "mode": "data",
      "type": "aws_availability_zones",
      "name": "main",
      "provider": "provider[\"registry.terraform.io/hashicorp/aws\"]",
      "instances": [
        {
          "schema_version": 0,
          "attributes": {
            "all_availability_zones": null,
            "exclude_names": null,
            "exclude_zone_ids": null,
            "filter": null,
            "group_names": [
              "us-west-2"
            ],
            "id": "us-west-2",
            "names": [
              "us-west-2a",
              "us-west-2b",
              "us-west-2c",
              "us-west-2d"
            ],
            "state": "available",
            "timeouts": null,
            "zone_ids": [
              "usw2-az1",
              "usw2-az2",
              "usw2-az3",
              "usw2-az4"
            ]
          },
          "sensitive_attributes": []
        }
      ]
    },
    {
      "mode": "data",
      "type": "aws_ec2_instance_type_offering",
      "name": "main",
      "provider": "provider[\"registry.terraform.io/hashicorp/aws\"]",
      "instances": [
        {
          "index_key": "us-west-2a",
          "schema_version": 0,
          "attributes": {
            "filter": [
              {
                "name": "instance-type",
                "values": [
                  "t2.micro",
                  "t3.micro"
                ]
              },
              {
                "name": "location",
                "values": [
                  "us-west-2a"
                ]
              }
            ],
            "id": "t2.micro",
            "instance_type": "t2.micro",
            "location_type": "availability-zone",
            "preferred_instance_types": [
              "t2.micro",
              "t3.micro"
            ],
            "timeouts": null
          },
          "sensitive_attributes": []
        },
        {
          "index_key": "us-west-2b",
          "schema_version": 0,
          "attributes": {
            "filter": [
              {
                "name": "instance-type",
                "values": [
                  "t2.micro",
                  "t3.micro"
                ]
              },
              {
                "name": "location",
                "values": [
                  "us-west-2b"
                ]
              }
            ],
            "id": "t2.micro",
            "instance_type": "t2.micro",
            "location_type": "availability-zone",
            "preferred_instance_types": [
              "t2.micro",
              "t3.micro"
            ],
            "timeouts": null
          },
          "sensitive_attributes": []
        },
        {
          "index_key": "us-west-2c",
          "schema_version": 0,
          "attributes": {
            "filter": [
              {
                "name": "instance-type",
                "values": [
                  "t2.micro",
                  "t3.micro"
                ]
              },
              {
                "name": "location",
                "values": [
                  "us-west-2c"
                ]
              }
            ],
            "id": "t2.micro",
            "instance_type": "t2.micro",
            "location_type": "availability-zone",
            "preferred_instance_types": [
              "t2.micro",
              "t3.micro"
            ],
            "timeouts": null
          },
          "sensitive_attributes": []
        },
        {
          "index_key": "us-west-2d",
          "schema_version": 0,
          "attributes": {
            "filter": [
              {
                "name": "instance-type",
                "values": [
                  "t2.micro",
                  "t3.micro"
                ]
              },
              {
                "name": "location",
                "values": [
                  "us-west-2d"
                ]
              }
            ],
            "id": "t3.micro",
            "instance_type": "t3.micro",
            "location_type": "availability-zone",
            "preferred_instance_types": [
              "t2.micro",
              "t3.micro"
            ],
            "timeouts": null
          },
          "sensitive_attributes": []
        }
      ]
    },
    {
      "mode": "managed",
      "type": "aws_internet_gateway",
      "name": "main",
      "provider": "provider[\"registry.terraform.io/hashicorp/aws\"]",
      "instances": [
        {
          "schema_version": 0,
          "attributes": {
            "arn": "arn:aws:ec2:us-west-2:368276953847:internet-gateway/igw-0cccd1a46ba78c947",
            "id": "igw-0cccd1a46ba78c947",
            "owner_id": "368276953847",
            "tags": {
              "Name": "count_dyn_inv_demo",
              "Project": "count_dyn_inv_demo"
            },
            "tags_all": {
              "Name": "count_dyn_inv_demo",
              "Project": "count_dyn_inv_demo"
            },
            "timeouts": null,
            "vpc_id": "vpc-046b0e3488630218c"
          },
          "sensitive_attributes": [],
          "private": "eyJlMmJmYjczMC1lY2FhLTExZTYtOGY4OC0zNDM2M2JjN2M0YzAiOnsiY3JlYXRlIjoxMjAwMDAwMDAwMDAwLCJkZWxldGUiOjEyMDAwMDAwMDAwMDAsInVwZGF0ZSI6MTIwMDAwMDAwMDAwMH19",
          "dependencies": [
            "aws_vpc.main"
          ]
        }
      ]
    },
    {
      "mode": "managed",
      "type": "aws_route_table",
      "name": "main",
      "provider": "provider[\"registry.terraform.io/hashicorp/aws\"]",
      "instances": [
        {
          "schema_version": 0,
          "attributes": {
            "arn": "arn:aws:ec2:us-west-2:368276953847:route-table/rtb-0a59a8963f7f833f4",
            "id": "rtb-0a59a8963f7f833f4",
            "owner_id": "368276953847",
            "propagating_vgws": [],
            "route": [
              {
                "carrier_gateway_id": "",
                "cidr_block": "0.0.0.0/0",
                "core_network_arn": "",
                "destination_prefix_list_id": "",
                "egress_only_gateway_id": "",
                "gateway_id": "igw-0cccd1a46ba78c947",
                "instance_id": "",
                "ipv6_cidr_block": "",
                "local_gateway_id": "",
                "nat_gateway_id": "",
                "network_interface_id": "",
                "transit_gateway_id": "",
                "vpc_endpoint_id": "",
                "vpc_peering_connection_id": ""
              }
            ],
            "tags": {
              "Name": "count_dyn_inv_demo",
              "Project": "count_dyn_inv_demo"
            },
            "tags_all": {
              "Name": "count_dyn_inv_demo",
              "Project": "count_dyn_inv_demo"
            },
            "timeouts": null,
            "vpc_id": "vpc-046b0e3488630218c"
          },
          "sensitive_attributes": [],
          "private": "eyJlMmJmYjczMC1lY2FhLTExZTYtOGY4OC0zNDM2M2JjN2M0YzAiOnsiY3JlYXRlIjozMDAwMDAwMDAwMDAsImRlbGV0ZSI6MzAwMDAwMDAwMDAwLCJ1cGRhdGUiOjEyMDAwMDAwMDAwMH19",
          "dependencies": [
            "aws_internet_gateway.main",
            "aws_vpc.main"
          ]
        }
      ]
    },
    {
      "mode": "managed",
      "type": "aws_route_table_association",
      "name": "main",
      "provider": "provider[\"registry.terraform.io/hashicorp/aws\"]",
      "instances": [
        {
          "index_key": 0,
          "schema_version": 0,
          "attributes": {
            "gateway_id": "",
            "id": "rtbassoc-0032160a52fe0120f",
            "route_table_id": "rtb-0a59a8963f7f833f4",
            "subnet_id": "subnet-0072f1bf6d04053d6",
            "timeouts": null
          },
          "sensitive_attributes": [],
          "private": "eyJlMmJmYjczMC1lY2FhLTExZTYtOGY4OC0zNDM2M2JjN2M0YzAiOnsiY3JlYXRlIjozMDAwMDAwMDAwMDAsImRlbGV0ZSI6MzAwMDAwMDAwMDAwLCJ1cGRhdGUiOjEyMDAwMDAwMDAwMH19",
          "dependencies": [
            "aws_internet_gateway.main",
            "aws_route_table.main",
            "aws_subnet.main",
            "aws_vpc.main",
            "data.aws_availability_zones.main",
            "data.aws_ec2_instance_type_offering.main"
          ]
        },
        {
          "index_key": 1,
          "schema_version": 0,
          "attributes": {
            "gateway_id": "",
            "id": "rtbassoc-069c8eb08c4003b02",
            "route_table_id": "rtb-0a59a8963f7f833f4",
            "subnet_id": "subnet-0155d6cafecb20c9f",
            "timeouts": null
          },
          "sensitive_attributes": [],
          "private": "eyJlMmJmYjczMC1lY2FhLTExZTYtOGY4OC0zNDM2M2JjN2M0YzAiOnsiY3JlYXRlIjozMDAwMDAwMDAwMDAsImRlbGV0ZSI6MzAwMDAwMDAwMDAwLCJ1cGRhdGUiOjEyMDAwMDAwMDAwMH19",
          "dependencies": [
            "aws_internet_gateway.main",
            "aws_route_table.main",
            "aws_subnet.main",
            "aws_vpc.main",
            "data.aws_availability_zones.main",
            "data.aws_ec2_instance_type_offering.main"
          ]
        },
        {
          "index_key": 2,
          "schema_version": 0,
          "attributes": {
            "gateway_id": "",
            "id": "rtbassoc-0b34e423403cb8269",
            "route_table_id": "rtb-0a59a8963f7f833f4",
            "subnet_id": "subnet-0950dd7d1ab4eae7f",
            "timeouts": null
          },
          "sensitive_attributes": [],
          "private": "eyJlMmJmYjczMC1lY2FhLTExZTYtOGY4OC0zNDM2M2JjN2M0YzAiOnsiY3JlYXRlIjozMDAwMDAwMDAwMDAsImRlbGV0ZSI6MzAwMDAwMDAwMDAwLCJ1cGRhdGUiOjEyMDAwMDAwMDAwMH19",
          "dependencies": [
            "aws_internet_gateway.main",
            "aws_route_table.main",
            "aws_subnet.main",
            "aws_vpc.main",
            "data.aws_availability_zones.main",
            "data.aws_ec2_instance_type_offering.main"
          ]
        }
      ]
    },
    {
      "mode": "managed",
      "type": "aws_security_group",
      "name": "main",
      "provider": "provider[\"registry.terraform.io/hashicorp/aws\"]",
      "instances": [
        {
          "schema_version": 1,
          "attributes": {
            "arn": "arn:aws:ec2:us-west-2:368276953847:security-group/sg-0fa0a3f75558765b5",
            "description": "Allows ssh, web, and intra-vpc ingress access and all egress",
            "egress": [],
            "id": "sg-0fa0a3f75558765b5",
            "ingress": [],
            "name": "sg_count_dyn_inv",
            "name_prefix": "",
            "owner_id": "368276953847",
            "revoke_rules_on_delete": false,
            "tags": {
              "Name": "count_dyn_inv_demo_sg_count_dyn_inv",
              "Project": "count_dyn_inv_demo"
            },
            "tags_all": {
              "Name": "count_dyn_inv_demo_sg_count_dyn_inv",
              "Project": "count_dyn_inv_demo"
            },
            "timeouts": null,
            "vpc_id": "vpc-046b0e3488630218c"
          },
          "sensitive_attributes": [],
          "private": "eyJlMmJmYjczMC1lY2FhLTExZTYtOGY4OC0zNDM2M2JjN2M0YzAiOnsiY3JlYXRlIjo2MDAwMDAwMDAwMDAsImRlbGV0ZSI6OTAwMDAwMDAwMDAwfSwic2NoZW1hX3ZlcnNpb24iOiIxIn0=",
          "dependencies": [
            "aws_vpc.main"
          ]
        }
      ]
    },
    {
      "mode": "managed",
      "type": "aws_subnet",
      "name": "main",
      "provider": "provider[\"registry.terraform.io/hashicorp/aws\"]",
      "instances": [
        {
          "index_key": 0,
          "schema_version": 1,
          "attributes": {
            "arn": "arn:aws:ec2:us-west-2:368276953847:subnet/subnet-0072f1bf6d04053d6",
            "assign_ipv6_address_on_creation": false,
            "availability_zone": "us-west-2a",
            "availability_zone_id": "usw2-az1",
            "cidr_block": "172.16.0.0/24",
            "customer_owned_ipv4_pool": "",
            "enable_dns64": false,
            "enable_lni_at_device_index": 0,
            "enable_resource_name_dns_a_record_on_launch": false,
            "enable_resource_name_dns_aaaa_record_on_launch": false,
            "id": "subnet-0072f1bf6d04053d6",
            "ipv6_cidr_block": "",
            "ipv6_cidr_block_association_id": "",
            "ipv6_native": false,
            "map_customer_owned_ip_on_launch": false,
            "map_public_ip_on_launch": true,
            "outpost_arn": "",
            "owner_id": "368276953847",
            "private_dns_hostname_type_on_launch": "ip-name",
            "tags": {
              "Name": "count_dyn_inv_demo_us-west-2a",
              "Project": "count_dyn_inv_demo"
            },
            "tags_all": {
              "Name": "count_dyn_inv_demo_us-west-2a",
              "Project": "count_dyn_inv_demo"
            },
            "timeouts": null,
            "vpc_id": "vpc-046b0e3488630218c"
          },
          "sensitive_attributes": [],
          "private": "eyJlMmJmYjczMC1lY2FhLTExZTYtOGY4OC0zNDM2M2JjN2M0YzAiOnsiY3JlYXRlIjo2MDAwMDAwMDAwMDAsImRlbGV0ZSI6MTIwMDAwMDAwMDAwMH0sInNjaGVtYV92ZXJzaW9uIjoiMSJ9",
          "dependencies": [
            "aws_vpc.main",
            "data.aws_availability_zones.main",
            "data.aws_ec2_instance_type_offering.main"
          ]
        },
        {
          "index_key": 1,
          "schema_version": 1,
          "attributes": {
            "arn": "arn:aws:ec2:us-west-2:368276953847:subnet/subnet-0155d6cafecb20c9f",
            "assign_ipv6_address_on_creation": false,
            "availability_zone": "us-west-2b",
            "availability_zone_id": "usw2-az2",
            "cidr_block": "172.16.1.0/24",
            "customer_owned_ipv4_pool": "",
            "enable_dns64": false,
            "enable_lni_at_device_index": 0,
            "enable_resource_name_dns_a_record_on_launch": false,
            "enable_resource_name_dns_aaaa_record_on_launch": false,
            "id": "subnet-0155d6cafecb20c9f",
            "ipv6_cidr_block": "",
            "ipv6_cidr_block_association_id": "",
            "ipv6_native": false,
            "map_customer_owned_ip_on_launch": false,
            "map_public_ip_on_launch": true,
            "outpost_arn": "",
            "owner_id": "368276953847",
            "private_dns_hostname_type_on_launch": "ip-name",
            "tags": {
              "Name": "count_dyn_inv_demo_us-west-2b",
              "Project": "count_dyn_inv_demo"
            },
            "tags_all": {
              "Name": "count_dyn_inv_demo_us-west-2b",
              "Project": "count_dyn_inv_demo"
            },
            "timeouts": null,
            "vpc_id": "vpc-046b0e3488630218c"
          },
          "sensitive_attributes": [],
          "private": "eyJlMmJmYjczMC1lY2FhLTExZTYtOGY4OC0zNDM2M2JjN2M0YzAiOnsiY3JlYXRlIjo2MDAwMDAwMDAwMDAsImRlbGV0ZSI6MTIwMDAwMDAwMDAwMH0sInNjaGVtYV92ZXJzaW9uIjoiMSJ9",
          "dependencies": [
            "aws_vpc.main",
            "data.aws_availability_zones.main",
            "data.aws_ec2_instance_type_offering.main"
          ]
        },
        {
          "index_key": 2,
          "schema_version": 1,
          "attributes": {
            "arn": "arn:aws:ec2:us-west-2:368276953847:subnet/subnet-0950dd7d1ab4eae7f",
            "assign_ipv6_address_on_creation": false,
            "availability_zone": "us-west-2c",
            "availability_zone_id": "usw2-az3",
            "cidr_block": "172.16.2.0/24",
            "customer_owned_ipv4_pool": "",
            "enable_dns64": false,
            "enable_lni_at_device_index": 0,
            "enable_resource_name_dns_a_record_on_launch": false,
            "enable_resource_name_dns_aaaa_record_on_launch": false,
            "id": "subnet-0950dd7d1ab4eae7f",
            "ipv6_cidr_block": "",
            "ipv6_cidr_block_association_id": "",
            "ipv6_native": false,
            "map_customer_owned_ip_on_launch": false,
            "map_public_ip_on_launch": true,
            "outpost_arn": "",
            "owner_id": "368276953847",
            "private_dns_hostname_type_on_launch": "ip-name",
            "tags": {
              "Name": "count_dyn_inv_demo_us-west-2c",
              "Project": "count_dyn_inv_demo"
            },
            "tags_all": {
              "Name": "count_dyn_inv_demo_us-west-2c",
              "Project": "count_dyn_inv_demo"
            },
            "timeouts": null,
            "vpc_id": "vpc-046b0e3488630218c"
          },
          "sensitive_attributes": [],
          "private": "eyJlMmJmYjczMC1lY2FhLTExZTYtOGY4OC0zNDM2M2JjN2M0YzAiOnsiY3JlYXRlIjo2MDAwMDAwMDAwMDAsImRlbGV0ZSI6MTIwMDAwMDAwMDAwMH0sInNjaGVtYV92ZXJzaW9uIjoiMSJ9",
          "dependencies": [
            "aws_vpc.main",
            "data.aws_availability_zones.main",
            "data.aws_ec2_instance_type_offering.main"
          ]
        }
      ]
    },
    {
      "mode": "managed",
      "type": "aws_vpc",
      "name": "main",
      "provider": "provider[\"registry.terraform.io/hashicorp/aws\"]",
      "instances": [
        {
          "schema_version": 1,
          "attributes": {
            "arn": "arn:aws:ec2:us-west-2:368276953847:vpc/vpc-046b0e3488630218c",
            "assign_generated_ipv6_cidr_block": false,
            "cidr_block": "172.16.0.0/16",
            "default_network_acl_id": "acl-087adb5665976510e",
            "default_route_table_id": "rtb-05538927b676c2b4f",
            "default_security_group_id": "sg-08ac70d55fa83cb62",
            "dhcp_options_id": "dopt-00be7c90a52b57653",
            "enable_classiclink": false,
            "enable_classiclink_dns_support": false,
            "enable_dns_hostnames": true,
            "enable_dns_support": true,
            "enable_network_address_usage_metrics": false,
            "id": "vpc-046b0e3488630218c",
            "instance_tenancy": "default",
            "ipv4_ipam_pool_id": null,
            "ipv4_netmask_length": null,
            "ipv6_association_id": "",
            "ipv6_cidr_block": "",
            "ipv6_cidr_block_network_border_group": "",
            "ipv6_ipam_pool_id": "",
            "ipv6_netmask_length": 0,
            "main_route_table_id": "rtb-05538927b676c2b4f",
            "owner_id": "368276953847",
            "tags": {
              "Name": "count_dyn_inv_demo",
              "Project": "count_dyn_inv_demo"
            },
            "tags_all": {
              "Name": "count_dyn_inv_demo",
              "Project": "count_dyn_inv_demo"
            }
          },
          "sensitive_attributes": [],
          "private": "eyJzY2hlbWFfdmVyc2lvbiI6IjEifQ=="
        }
      ]
    },
    {
      "mode": "managed",
      "type": "aws_vpc_security_group_egress_rule",
      "name": "main",
      "provider": "provider[\"registry.terraform.io/hashicorp/aws\"]",
      "instances": [
        {
          "index_key": "allow_all_egress",
          "schema_version": 0,
          "attributes": {
            "arn": "arn:aws:ec2:us-west-2:368276953847:security-group-rule/sgr-067edbd5465f0bc5c",
            "cidr_ipv4": "0.0.0.0/0",
            "cidr_ipv6": null,
            "description": "allow all egress traffic",
            "from_port": null,
            "id": "sgr-067edbd5465f0bc5c",
            "ip_protocol": "-1",
            "prefix_list_id": null,
            "referenced_security_group_id": null,
            "security_group_id": "sg-0fa0a3f75558765b5",
            "security_group_rule_id": "sgr-067edbd5465f0bc5c",
            "tags": {
              "Name": "count_dyn_inv_demo_allow_all_egress",
              "Project": "count_dyn_inv_demo"
            },
            "tags_all": {
              "Name": "count_dyn_inv_demo_allow_all_egress",
              "Project": "count_dyn_inv_demo"
            },
            "to_port": null
          },
          "sensitive_attributes": [],
          "dependencies": [
            "aws_security_group.main",
            "aws_vpc.main"
          ]
        }
      ]
    },
    {
      "mode": "managed",
      "type": "aws_vpc_security_group_ingress_rule",
      "name": "main",
      "provider": "provider[\"registry.terraform.io/hashicorp/aws\"]",
      "instances": [
        {
          "index_key": "intra_vpc_access",
          "schema_version": 0,
          "attributes": {
            "arn": "arn:aws:ec2:us-west-2:368276953847:security-group-rule/sgr-0b459f3b394416720",
            "cidr_ipv4": "172.16.0.0/16",
            "cidr_ipv6": null,
            "description": "internal access within the vpc",
            "from_port": null,
            "id": "sgr-0b459f3b394416720",
            "ip_protocol": "-1",
            "prefix_list_id": null,
            "referenced_security_group_id": null,
            "security_group_id": "sg-0fa0a3f75558765b5",
            "security_group_rule_id": "sgr-0b459f3b394416720",
            "tags": {
              "Name": "intra_vpc_access",
              "Project": "count_dyn_inv_demo"
            },
            "tags_all": {
              "Name": "intra_vpc_access",
              "Project": "count_dyn_inv_demo"
            },
            "to_port": null
          },
          "sensitive_attributes": [],
          "dependencies": [
            "aws_security_group.main",
            "aws_vpc.main"
          ]
        },
        {
          "index_key": "ssh_access_bcit",
          "schema_version": 0,
          "attributes": {
            "arn": "arn:aws:ec2:us-west-2:368276953847:security-group-rule/sgr-0c4f4c355b5914016",
            "cidr_ipv4": "142.232.0.0/16",
            "cidr_ipv6": null,
            "description": "ssh access from bcit",
            "from_port": 22,
            "id": "sgr-0c4f4c355b5914016",
            "ip_protocol": "tcp",
            "prefix_list_id": null,
            "referenced_security_group_id": null,
            "security_group_id": "sg-0fa0a3f75558765b5",
            "security_group_rule_id": "sgr-0c4f4c355b5914016",
            "tags": {
              "Name": "ssh_access_bcit",
              "Project": "count_dyn_inv_demo"
            },
            "tags_all": {
              "Name": "ssh_access_bcit",
              "Project": "count_dyn_inv_demo"
            },
            "to_port": 22
          },
          "sensitive_attributes": [],
          "dependencies": [
            "aws_security_group.main",
            "aws_vpc.main"
          ]
        },
        {
          "index_key": "ssh_access_home",
          "schema_version": 0,
          "attributes": {
            "arn": "arn:aws:ec2:us-west-2:368276953847:security-group-rule/sgr-000d0f3bcba2b5d9e",
            "cidr_ipv4": "75.157.0.0/16",
            "cidr_ipv6": null,
            "description": "ssh access from home",
            "from_port": 22,
            "id": "sgr-000d0f3bcba2b5d9e",
            "ip_protocol": "tcp",
            "prefix_list_id": null,
            "referenced_security_group_id": null,
            "security_group_id": "sg-0fa0a3f75558765b5",
            "security_group_rule_id": "sgr-000d0f3bcba2b5d9e",
            "tags": {
              "Name": "ssh_access_home",
              "Project": "count_dyn_inv_demo"
            },
            "tags_all": {
              "Name": "ssh_access_home",
              "Project": "count_dyn_inv_demo"
            },
            "to_port": 22
          },
          "sensitive_attributes": [],
          "dependencies": [
            "aws_security_group.main",
            "aws_vpc.main"
          ]
        },
        {
          "index_key": "web_access_bcit",
          "schema_version": 0,
          "attributes": {
            "arn": "arn:aws:ec2:us-west-2:368276953847:security-group-rule/sgr-0eccd4208b575c159",
            "cidr_ipv4": "142.232.0.0/16",
            "cidr_ipv6": null,
            "description": "web access from bcit",
            "from_port": 80,
            "id": "sgr-0eccd4208b575c159",
            "ip_protocol": "tcp",
            "prefix_list_id": null,
            "referenced_security_group_id": null,
            "security_group_id": "sg-0fa0a3f75558765b5",
            "security_group_rule_id": "sgr-0eccd4208b575c159",
            "tags": {
              "Name": "web_access_bcit",
              "Project": "count_dyn_inv_demo"
            },
            "tags_all": {
              "Name": "web_access_bcit",
              "Project": "count_dyn_inv_demo"
            },
            "to_port": 80
          },
          "sensitive_attributes": [],
          "dependencies": [
            "aws_security_group.main",
            "aws_vpc.main"
          ]
        },
        {
          "index_key": "web_access_home",
          "schema_version": 0,
          "attributes": {
            "arn": "arn:aws:ec2:us-west-2:368276953847:security-group-rule/sgr-0d39af765b3b658db",
            "cidr_ipv4": "75.157.0.0/16",
            "cidr_ipv6": null,
            "description": "web access from home",
            "from_port": 80,
            "id": "sgr-0d39af765b3b658db",
            "ip_protocol": "tcp",
            "prefix_list_id": null,
            "referenced_security_group_id": null,
            "security_group_id": "sg-0fa0a3f75558765b5",
            "security_group_rule_id": "sgr-0d39af765b3b658db",
            "tags": {
              "Name": "web_access_home",
              "Project": "count_dyn_inv_demo"
            },
            "tags_all": {
              "Name": "web_access_home",
              "Project": "count_dyn_inv_demo"
            },
            "to_port": 80
          },
          "sensitive_attributes": [],
          "dependencies": [
            "aws_security_group.main",
            "aws_vpc.main"
          ]
        }
      ]
    },
    {
      "mode": "managed",
      "type": "local_file",
      "name": "all_vars",
      "provider": "provider[\"registry.terraform.io/hashicorp/local\"]",
      "instances": [
        {
          "schema_version": 0,
          "attributes": {
            "content": "ansible_ssh_private_key_file: \"/home/markus/4640/as2/starter_code/count_dyn_inv/terraform/count_dyn_inv_demo.pem\"\nansible_user: ubuntu\n",
            "content_base64": null,
            "content_base64sha256": "q9W/AzKRtQtpix/sLsDxc7Z+0oiPompM+08m0aDQRE8=",
            "content_base64sha512": "eoIwyVx1luvtw2CBOwu5fhApzXwO5HwrdEgSQPsXOxLjqPixhFQvsTavCHejqsVmXs7nLAaibeZdEjYCNxTpyA==",
            "content_md5": "597fa25803c9799dc447974b04dd27bb",
            "content_sha1": "20d13458b195fcb6a6e17fb0dc78ad84b7c40d89",
            "content_sha256": "abd5bf033291b50b698b1fec2ec0f173b67ed2888fa26a4cfb4f26d1a0d0444f",
            "content_sha512": "7a8230c95c7596ebedc360813b0bb97e1029cd7c0ee47c2b74481240fb173b12e3a8f8b184542fb136af0877a3aac5665ecee72c06a26de65d1236023714e9c8",
            "directory_permission": "0777",
            "file_permission": "0777",
            "filename": "/home/markus/4640/as2/starter_code/count_dyn_inv/ansible/group_vars/all.yml",
            "id": "20d13458b195fcb6a6e17fb0dc78ad84b7c40d89",
            "sensitive_content": null,
            "source": null
          },
          "sensitive_attributes": []
        }
      ]
    },
    {
      "module": "module.ssh_key",
      "mode": "data",
      "type": "local_file",
      "name": "ssh_pub_key",
      "provider": "provider[\"registry.terraform.io/hashicorp/local\"]",
      "instances": [
        {
          "schema_version": 0,
          "attributes": {
            "content": "ssh-ed25519 AAAAC3NzaC1lZDI1NTE5AAAAIAlE5cRaOWQJvmvldPPwlJf0Epv0ckgOXdCS7TssWMF1 count_dyn_inv_demo\n",
            "content_base64": "c3NoLWVkMjU1MTkgQUFBQUMzTnphQzFsWkRJMU5URTVBQUFBSUFsRTVjUmFPV1FKdm12bGRQUHdsSmYwRXB2MGNrZ09YZENTN1Rzc1dNRjEgY291bnRfZHluX2ludl9kZW1vCg==",
            "content_base64sha256": "WH8s1xLKpuQgxHrvoNPiF3GM2cNedgsz/V9MoELD0+I=",
            "content_base64sha512": "zwV5nzGDkAxgb9lgROc4JM534lIARTMwgJOLkhjkOHmfUQsJF1eI6GL8HpbpVv664Er5YWSk7zLAACZVqjjbTw==",
            "content_md5": "c6e21613104de4b3ba95c78caff40822",
            "content_sha1": "efd3503a4f7d3f23a9e959015b26ab5c1b72e2ae",
            "content_sha256": "587f2cd712caa6e420c47aefa0d3e217718cd9c35e760b33fd5f4ca042c3d3e2",
            "content_sha512": "cf05799f3183900c606fd96044e73824ce77e2520045333080938b9218e438799f510b09175788e862fc1e96e956febae04af96164a4ef32c0002655aa38db4f",
            "filename": "./count_dyn_inv_demo.pem.pub",
            "id": "efd3503a4f7d3f23a9e959015b26ab5c1b72e2ae"
          },
          "sensitive_attributes": []
        }
      ]
    },
    {
      "module": "module.ssh_key",
      "mode": "managed",
      "type": "terraform_data",
      "name": "ssh_key_pair",
      "provider": "provider[\"terraform.io/builtin/terraform\"]",
      "instances": [
        {
          "schema_version": 0,
          "attributes": {
            "id": "b2205960-b3b9-3da7-3abe-02e4bdb9b13b",
            "input": {
              "value": "./count_dyn_inv_demo.pem",
              "type": "string"
            },
            "output": {
              "value": "./count_dyn_inv_demo.pem",
              "type": "string"
            },
            "triggers_replace": null
          },
          "sensitive_attributes": []
        }
      ]
    }
  ],
  "check_results": null
}
